
Microsoft Visual Studio Solution File, Format Version 12.00
# Visual Studio Version 16
VisualStudioVersion = 16.0.31025.194
MinimumVisualStudioVersion = 10.0.40219.1
Project("{FAE04EC0-301F-11D3-BF4B-00C04F79EFBC}") = "Interfaces", "Interfaces\Interfaces.csproj", "{C09B02A0-2B72-4C91-8B93-B226528E7D60}"
EndProject
Global
	GlobalSection(SolutionConfigurationPlatforms) = preSolution
		Debug|Any CPU = Debug|Any CPU
		Release|Any CPU = Release|Any CPU
	EndGlobalSection
	GlobalSection(ProjectConfigurationPlatforms) = postSolution
		{C09B02A0-2B72-4C91-8B93-B226528E7D60}.Debug|Any CPU.ActiveCfg = Debug|Any CPU
		{C09B02A0-2B72-4C91-8B93-B226528E7D60}.Debug|Any CPU.Build.0 = Debug|Any CPU
		{C09B02A0-2B72-4C91-8B93-B226528E7D60}.Release|Any CPU.ActiveCfg = Release|Any CPU
		{C09B02A0-2B72-4C91-8B93-B226528E7D60}.Release|Any CPU.Build.0 = Release|Any CPU
	EndGlobalSection
	GlobalSection(SolutionProperties) = preSolution
		HideSolutionNode = FALSE
	EndGlobalSection
	GlobalSection(ExtensibilityGlobals) = postSolution
		SolutionGuid = {4A14FDC3-D4B0-407C-86C4-229E242C6A7F}
	EndGlobalSection
EndGlobal
